{"1.2.0",
[{<<"app_config">>,
  {git,"https://gitlab.com/leapsight/app_config.git",
       {ref,"6c3f354d0b8769be3b7c6b9dad6d66220f520da9"}},
  1},
 {<<"backoff">>,{pkg,<<"backoff">>,<<"1.1.6">>},1},
 {<<"base62">>,
  {git,"https://gitlab.com/leapsight/base62.git",
       {ref,"6e1c622c2e9bba51fadba44fa050d4b4ae706890"}},
  2},
 {<<"cache">>,{pkg,<<"cache">>,<<"2.3.2">>},0},
 {<<"eunit_formatters">>,
  {git,"git://github.com/seancribbs/eunit_formatters",
       {ref,"6818dc14fe5d90d2561b1fa8ab8aea523a900128"}},
  1},
 {<<"gproc">>,{pkg,<<"gproc">>,<<"0.8.0">>},0},
 {<<"hamcrest">>,
  {git,"https://github.com/basho/hamcrest-erlang.git",
       {ref,"ad3dbab419762fc2d5821abb88b989da006b85c6"}},
  2},
 {<<"jsone">>,{pkg,<<"jsone">>,<<"1.5.2">>},0},
 {<<"key_value">>,
  {git,"https://gitlab.com/leapsight/key_value.git",
       {ref,"8fffd1b7ca520cf488251c9d32ffd0959c2ab039"}},
  1},
 {<<"ksuid">>,
  {git,"https://gitlab.com/leapsight/ksuid.git",
       {ref,"c1f00dabddac1e3108bfaf5917cb6674f3b843f2"}},
  1},
 {<<"leap">>,
  {git,"https://gitlab.com/leapsight/leap.git",
       {ref,"b7cc3d3b6cd18cd185309dc6f1ce06e816c34ff1"}},
  0},
 {<<"pooler">>,{pkg,<<"pooler">>,<<"1.5.3">>},1},
 {<<"reliable">>,
  {git,"https://gitlab.com/leapsight/reliable.git",
       {ref,"b3d541f4d3ba401bb0e8e3bcc09ab2c08b49d5bc"}},
  0},
 {<<"riak_pb">>,
  {git,"https://github.com/basho/riak_pb",
       {ref,"08771aba2ce4935b715d32d1b92555efdc3da994"}},
  1},
 {<<"riak_pool">>,
  {git,"https://gitlab.com/leapsight/riak_pool.git",
       {ref,"b846a08a784d2f838ac55ac749778f358966350e"}},
  0},
 {<<"riakc">>,
  {git,"https://github.com/basho/riak-erlang-client.git",
       {ref,"e4efcb7efd6ded616c5f1d7bae5ca36f9dee6bc2"}},
  0},
 {<<"utils">>,
  {git,"https://gitlab.com/leapsight/utils.git",
       {ref,"71e7fa169f1195067717d32f9c725377c4f76212"}},
  0}]}.
[
{pkg_hash,[
 {<<"backoff">>, <<"83B72ED2108BA1EE8F7D1C22E0B4A00CFE3593A67DBC792799E8CCE9F42F796B">>},
 {<<"cache">>, <<"1E585CD9777C1F71E9038D61059D07438643C0022FDC6E2F7C2899B4A45C593E">>},
 {<<"gproc">>, <<"CEA02C578589C61E5341FCE149EA36CCEF236CC2ECAC8691FBA408E7EA77EC2F">>},
 {<<"jsone">>, <<"87ADEA283C9CF24767B4DEED44602989A5331156DF5D60A2660E9C9114D54046">>},
 {<<"pooler">>, <<"898CD1FA301FC42D4A8ED598CE139B71CA85B54C16AB161152B5CC5FBDCFA1A8">>}]},
{pkg_hash_ext,[
 {<<"backoff">>, <<"CF0CFFF8995FB20562F822E5CC47D8CCF664C5ECDC26A684CBE85C225F9D7C39">>},
 {<<"cache">>, <<"E5559E1D71C5EF511C04E395F4B37AA71FA4A50ECC7365CA41DDEF0746FE907E">>},
 {<<"gproc">>, <<"580ADAFA56463B75263EF5A5DF4C86AF321F68694E7786CB057FD805D1E2A7DE">>},
 {<<"jsone">>, <<"170C171CE7F6DD70C858065154A3305B8564833C6DCCA17E10B676CA31EA976F">>},
 {<<"pooler">>, <<"058D85C5081289B90E97E4DDDBC3BB5A3B4A19A728AB3BC88C689EFCC36A07C7">>}]}
].
