{"1.2.0",
[{<<"app_config">>,
  {git,"https://gitlab.com/leapsight/app_config.git",
       {ref,"a777f83159427c02483c9fc2516eb6d39dd962bc"}},
  1},
 {<<"backoff">>,{pkg,<<"backoff">>,<<"1.1.6">>},1},
 {<<"base62">>,
  {git,"https://gitlab.com/leapsight/base62.git",
       {ref,"6e1c622c2e9bba51fadba44fa050d4b4ae706890"}},
  2},
 {<<"cache">>,{pkg,<<"cache">>,<<"2.3.3">>},0},
 {<<"gproc">>,{pkg,<<"gproc">>,<<"0.9.0">>},0},
 {<<"jsone">>,{pkg,<<"jsone">>,<<"1.6.1">>},0},
 {<<"key_value">>,
  {git,"https://gitlab.com/leapsight/key_value.git",
       {ref,"414fb19cd067b368666ceb5a2a63f1f24109562b"}},
  1},
 {<<"ksuid">>,
  {git,"https://gitlab.com/leapsight/ksuid.git",
       {ref,"a5016017edd1e99d46c9a6d4c348cb818e542b13"}},
  1},
 {<<"leap">>,
  {git,"https://gitlab.com/leapsight/leap.git",
       {ref,"5dcd5c162704048bcd3d37e9ffc7b83f70d66b77"}},
  0},
 {<<"meck">>,
  {git,"https://github.com/eproxus/meck.git",
       {ref,"4ecc1ae9089edc6977e8c8c4cd41081513cc5590"}},
  3},
 {<<"pooler">>,
  {git,"https://github.com/epgsql/pooler.git",
       {ref,"9c28fb479f9329e2a1644565a632bc222780f1b7"}},
  1},
 {<<"prometheus">>,{pkg,<<"prometheus">>,<<"4.6.0">>},1},
 {<<"protobuffs">>,
  {git,"https://github.com/basho/erlang_protobuffs.git",
       {ref,"098efad8f85dfe556d64e2cf6ce31f2075808f67"}},
  2},
 {<<"reliable">>,
  {git,"https://gitlab.com/leapsight/reliable.git",
       {ref,"c67523f1bbae884c52d725fffe626b50df9d08fa"}},
  0},
 {<<"riak_pb">>,
  {git,"https://github.com/basho/riak_pb",
       {ref,"04e8cc7daa081c23be137b1eff2a6a3fb827f8e4"}},
  1},
 {<<"riak_pool">>,
  {git,"https://gitlab.com/leapsight/riak_pool.git",
       {ref,"b1d92705eb411e5546cf55bc412237a1be10589a"}},
  0},
 {<<"riakc">>,
  {git,"https://github.com/basho/riak-erlang-client.git",
       {ref,"3b6ad6e92dcb55833e9add829b2871be8468a68e"}},
  0},
 {<<"utils">>,
  {git,"https://gitlab.com/leapsight/utils.git",
       {ref,"c0c6a61994e757e85f8037eb85dbf5fd27243842"}},
  0}]}.
[
{pkg_hash,[
 {<<"backoff">>, <<"83B72ED2108BA1EE8F7D1C22E0B4A00CFE3593A67DBC792799E8CCE9F42F796B">>},
 {<<"cache">>, <<"B23A5FE7095445A88412A6E614C933377E0137B44FFED77C9B3FEF1A731A20B2">>},
 {<<"gproc">>, <<"853CCB7805E9ADA25D227A157BA966F7B34508F386A3E7E21992B1B484230699">>},
 {<<"jsone">>, <<"7EA1098FE004C4127320FE0E3CF6A951B01F82039FEAA56C322DC7E34DD59762">>},
 {<<"prometheus">>, <<"20510F381DB1CCAB818B4CF2FAC5FA6AB5CC91BC364A154399901C001465F46F">>}]},
{pkg_hash_ext,[
 {<<"backoff">>, <<"CF0CFFF8995FB20562F822E5CC47D8CCF664C5ECDC26A684CBE85C225F9D7C39">>},
 {<<"cache">>, <<"44516CE6FA03594D3A2AF025DD3A87BFE711000EB730219E1DDEFC816E0AA2F4">>},
 {<<"gproc">>, <<"587E8AF698CCD3504CF4BA8D90F893EDE2B0F58CABB8A916E2BF9321DE3CF10B">>},
 {<<"jsone">>, <<"A6C1DF6081DF742068D2ED747A4FE8A7740C56421B53E02BC9D4907DD3502922">>},
 {<<"prometheus">>, <<"4905FD2992F8038ECCD7AA0CD22F40637ED618C0BED1F75C05AACEC15B7545DE">>}]}
].
